# THIS IS AN AUTOGENERATED FILE. DO NOT EDIT THIS FILE DIRECTLY.
# yarn lockfile v1


ts-postgres@1.2.1:
  version "1.2.1"
  resolved "https://registry.yarnpkg.com/ts-postgres/-/ts-postgres-1.2.1.tgz#c49f6802c04e1ed6cdbe9cc03c96b83cbd2c045b"
  integrity sha512-5cCIdGMMlX8g+cFs0DFykLKyTmPvJ9gCv5TR13R90Azz8gzEtugYq6gKm5glBXF66gtvsP/lUashU5akfQsFaA==
  dependencies:
    ts-typed-events "^2.0.1"

ts-typed-events@^2.0.1:
  version "2.0.1"
  resolved "https://registry.yarnpkg.com/ts-typed-events/-/ts-typed-events-2.0.1.tgz#8718e41ee6d38a6f1586224b3f7015c769cf0da9"
  integrity sha512-7V+vCn52mZVSe+udf0L2SRkvs8BquF7xOtVktJsiyz3IGgcAhHwp3aetPcrxT5Xq23Bb/tBX0azQ6BBvPVytZg==

zod@3.18.0:
  version "3.18.0"
  resolved "https://registry.yarnpkg.com/zod/-/zod-3.18.0.tgz#2eed58b3cafb8d9a67aa2fee69279702f584f3bc"
  integrity sha512-gwTm8RfUCe8l9rDwN5r2A17DkAa8Ez4Yl4yXqc5VqeGaXaJahzYYXbTwvhroZi0SNBqTwh/bKm2N0mpCzuw4bA==
